
Microsoft Visual Studio Solution File, Format Version 12.00
# Visual Studio Version 17
VisualStudioVersion = 17.2.32526.322
MinimumVisualStudioVersion = 10.0.40219.1
Project("{9A19103F-16F7-4668-BE54-9A1E7A4F7556}") = "Madeni.Server", "Server\Madeni.Server.csproj", "{DE4C5C8D-4E35-40B5-A466-6DD307A6574B}"
EndProject
Project("{9A19103F-16F7-4668-BE54-9A1E7A4F7556}") = "Madeni.Client", "Client\Madeni.Client.csproj", "{3B218C11-CFDE-4A26-9269-5F9BDC67F003}"
EndProject
Project("{9A19103F-16F7-4668-BE54-9A1E7A4F7556}") = "Madeni.Shared", "Shared\Madeni.Shared.csproj", "{9413F2F2-2C63-4316-B6EA-40CC1F680EDF}"
EndProject
Global
	GlobalSection(SolutionConfigurationPlatforms) = preSolution
		Debug|Any CPU = Debug|Any CPU
		Release|Any CPU = Release|Any CPU
	EndGlobalSection
	GlobalSection(ProjectConfigurationPlatforms) = postSolution
		{DE4C5C8D-4E35-40B5-A466-6DD307A6574B}.Debug|Any CPU.ActiveCfg = Debug|Any CPU
		{DE4C5C8D-4E35-40B5-A466-6DD307A6574B}.Debug|Any CPU.Build.0 = Debug|Any CPU
		{DE4C5C8D-4E35-40B5-A466-6DD307A6574B}.Release|Any CPU.ActiveCfg = Release|Any CPU
		{DE4C5C8D-4E35-40B5-A466-6DD307A6574B}.Release|Any CPU.Build.0 = Release|Any CPU
		{3B218C11-CFDE-4A26-9269-5F9BDC67F003}.Debug|Any CPU.ActiveCfg = Debug|Any CPU
		{3B218C11-CFDE-4A26-9269-5F9BDC67F003}.Debug|Any CPU.Build.0 = Debug|Any CPU
		{3B218C11-CFDE-4A26-9269-5F9BDC67F003}.Release|Any CPU.ActiveCfg = Release|Any CPU
		{3B218C11-CFDE-4A26-9269-5F9BDC67F003}.Release|Any CPU.Build.0 = Release|Any CPU
		{9413F2F2-2C63-4316-B6EA-40CC1F680EDF}.Debug|Any CPU.ActiveCfg = Debug|Any CPU
		{9413F2F2-2C63-4316-B6EA-40CC1F680EDF}.Debug|Any CPU.Build.0 = Debug|Any CPU
		{9413F2F2-2C63-4316-B6EA-40CC1F680EDF}.Release|Any CPU.ActiveCfg = Release|Any CPU
		{9413F2F2-2C63-4316-B6EA-40CC1F680EDF}.Release|Any CPU.Build.0 = Release|Any CPU
	EndGlobalSection
	GlobalSection(SolutionProperties) = preSolution
		HideSolutionNode = FALSE
	EndGlobalSection
	GlobalSection(ExtensibilityGlobals) = postSolution
		SolutionGuid = {88BEDF95-6B4C-43A7-858B-14E02D42B401}
	EndGlobalSection
EndGlobal
